{
  "version": "5",
  "specifiers": {
    "jsr:@std/assert@^1.0.14": "1.0.14",
    "jsr:@std/internal@^1.0.10": "1.0.10",
    "jsr:@std/path@1.0.9": "1.0.9",
    "npm:@azure-rest/ai-inference@1.0.0-beta.1": "1.0.0-beta.1",
    "npm:@azure/core-auth@1.7.2": "1.7.2",
    "npm:@google/genai@0.10": "0.10.0_zod@3.24.3",
    "npm:@grammyjs/parse-mode@*": "1.11.1_grammy@1.34.1",
    "npm:@huggingface/inference@^4.8.0": "4.8.0",
    "npm:@types/node@*": "24.2.0",
    "npm:groq-sdk@0.15.0": "0.15.0",
    "npm:telegramify-markdown@^1.3.0": "1.3.0"
  },
  "jsr": {
    "@std/assert@1.0.14": {
      "integrity": "68d0d4a43b365abc927f45a9b85c639ea18a9fab96ad92281e493e4ed84abaa4",
      "dependencies": [
        "jsr:@std/internal"
      ]
    },
    "@std/internal@1.0.10": {
      "integrity": "e3be62ce42cab0e177c27698e5d9800122f67b766a0bea6ca4867886cbde8cf7"
    },
    "@std/path@1.0.9": {
      "integrity": "260a49f11edd3db93dd38350bf9cd1b4d1366afa98e81b86167b4e3dd750129e"
    }
  },
  "npm": {
    "@azure-rest/ai-inference@1.0.0-beta.1": {
      "integrity": "sha512-xa4MmvSo5+EfMNd/sTFy1kfJg1KTqO/+q0aurPNkjooJd8fQnfyXJ0XYTh7/mn4kNcVIJ7dSrxVoOxlybdcIeQ==",
      "dependencies": [
        "@azure-rest/core-client",
        "@azure/abort-controller@1.1.0",
        "@azure/core-auth",
        "@azure/core-lro",
        "@azure/core-rest-pipeline",
        "@azure/logger",
        "tslib"
      ]
    },
    "@azure-rest/core-client@2.2.0": {
      "integrity": "sha512-2uPSZPRb2TRyYONl5IcsWhX7C1xbm6Gof/tcLlDnYg7fCVcEfASfySKZ9OTHxhNeFgo79LhrT6juEoxTHvrXkQ==",
      "dependencies": [
        "@azure/abort-controller@2.1.2",
        "@azure/core-auth",
        "@azure/core-rest-pipeline",
        "@azure/core-tracing",
        "@azure/core-util",
        "tslib"
      ]
    },
    "@azure/abort-controller@1.1.0": {
      "integrity": "sha512-TrRLIoSQVzfAJX9H1JeFjzAoDGcoK1IYX1UImfceTZpsyYfWr09Ss1aHW1y5TrrR3iq6RZLBwJ3E24uwPhwahw==",
      "dependencies": [
        "tslib"
      ]
    },
    "@azure/abort-controller@2.1.2": {
      "integrity": "sha512-nBrLsEWm4J2u5LpAPjxADTlq3trDgVZZXHNKabeXZtpq3d3AbN/KGO82R87rdDz5/lYB024rtEf10/q0urNgsA==",
      "dependencies": [
        "tslib"
      ]
    },
    "@azure/core-auth@1.7.2": {
      "integrity": "sha512-Igm/S3fDYmnMq1uKS38Ae1/m37B3zigdlZw+kocwEhh5GjyKjPrXKO2J6rzpC1wAxrNil/jX9BJRqBshyjnF3g==",
      "dependencies": [
        "@azure/abort-controller@2.1.2",
        "@azure/core-util",
        "tslib"
      ]
    },
    "@azure/core-lro@2.7.2": {
      "integrity": "sha512-0YIpccoX8m/k00O7mDDMdJpbr6mf1yWo2dfmxt5A8XVZVVMz2SSKaEbMCeJRvgQ0IaSlqhjT47p4hVIRRy90xw==",
      "dependencies": [
        "@azure/abort-controller@2.1.2",
        "@azure/core-util",
        "@azure/logger",
        "tslib"
      ]
    },
    "@azure/core-rest-pipeline@1.16.3": {
      "integrity": "sha512-VxLk4AHLyqcHsfKe4MZ6IQ+D+ShuByy+RfStKfSjxJoL3WBWq17VNmrz8aT8etKzqc2nAeIyLxScjpzsS4fz8w==",
      "dependencies": [
        "@azure/abort-controller@2.1.2",
        "@azure/core-auth",
        "@azure/core-tracing",
        "@azure/core-util",
        "@azure/logger",
        "http-proxy-agent",
        "https-proxy-agent",
        "tslib"
      ]
    },
    "@azure/core-tracing@1.1.2": {
      "integrity": "sha512-dawW9ifvWAWmUm9/h+/UQ2jrdvjCJ7VJEuCJ6XVNudzcOwm53BFZH4Q845vjfgoUAM8ZxokvVNxNxAITc502YA==",
      "dependencies": [
        "tslib"
      ]
    },
    "@azure/core-util@1.9.2": {
      "integrity": "sha512-l1Qrqhi4x1aekkV+OlcqsJa4AnAkj5p0JV8omgwjaV9OAbP41lvrMvs+CptfetKkeEaGRGSzby7sjPZEX7+kkQ==",
      "dependencies": [
        "@azure/abort-controller@2.1.2",
        "tslib"
      ]
    },
    "@azure/logger@1.1.4": {
      "integrity": "sha512-4IXXzcCdLdlXuCG+8UKEwLA1T1NHqUfanhXYHiQTn+6sfWCZXduqbtXDGceg3Ce5QxTGo7EqmbV6Bi+aqKuClQ==",
      "dependencies": [
        "tslib"
      ]
    },
    "@google/genai@0.10.0_zod@3.24.3": {
      "integrity": "sha512-LAbp0em5A+wRtQR2+r5ckRBg2U2cBy8cJHgyTHa9PUbK8zucApw6A93HWyom/qlUQBNCpnIHFp20RiJuYMQwAw==",
      "dependencies": [
        "google-auth-library",
        "ws",
        "zod",
        "zod-to-json-schema"
      ]
    },
    "@grammyjs/parse-mode@1.11.1_grammy@1.34.1": {
      "integrity": "sha512-7yEKVtXjNZsG8EX/AOtgR/7Af5QxcmAcTB31Nju+QELvL2uSQMJKlix5rkx695gqocUodLwWtuwCDGDoXGD2xg==",
      "dependencies": [
        "grammy"
      ]
    },
    "@grammyjs/types@3.18.0": {
      "integrity": "sha512-/VpQcT6Z0+Lw6H6jv2JvnDmqB1/9rjbFdDBlPBPUW3kQ1bWfjzfaiVk2+J2eiid3o3sLaPp3ZK0XjEI1gWNc3g=="
    },
    "@huggingface/inference@4.8.0": {
      "integrity": "sha512-Eq98EAXqYn4rKMfrbEXuhc3IjKfaeIO6eXNOZk9xk6v5akrIWRtd6d1h0fjAWyX4zRbdUpXRh6MvsqXnzGvXCA==",
      "dependencies": [
        "@huggingface/jinja",
        "@huggingface/tasks"
      ]
    },
    "@huggingface/jinja@0.5.1": {
      "integrity": "sha512-yUZLld4lrM9iFxHCwFQ7D1HW2MWMwSbeB7WzWqFYDWK+rEb+WldkLdAJxUPOmgICMHZLzZGVcVjFh3w/YGubng=="
    },
    "@huggingface/tasks@0.19.47": {
      "integrity": "sha512-YI+DKLpWQGNpIBkOCTcv3nIoCi3USpUPyfRu0IfMEi2Do0q6r5pQPfy+GWhQFZEPCHsxOwoc8S8hPmmejeK9Cg=="
    },
    "@types/mdast@3.0.15": {
      "integrity": "sha512-LnwD+mUEfxWMa1QpDraczIn6k0Ee3SMicuYSSzS6ZYl2gKS09EClnJYGd8Du6rfc5r/GZEk5o1mRb8TaTj03sQ==",
      "dependencies": [
        "@types/unist"
      ]
    },
    "@types/node-fetch@2.6.12": {
      "integrity": "sha512-8nneRWKCg3rMtF69nLQJnOYUcbafYeFSjqkw3jCRLsqkWFlHaoQrr5mXmofFGOx3DKn7UfmBMyov8ySvLRVldA==",
      "dependencies": [
        "@types/node@18.16.19",
        "form-data"
      ]
    },
    "@types/node@18.16.19": {
      "integrity": "sha512-IXl7o+R9iti9eBW4Wg2hx1xQDig183jj7YLn8F7udNceyfkbn1ZxmzZXuak20gR40D7pIkIY1kYGx5VIGbaHKA=="
    },
    "@types/node@18.19.75": {
      "integrity": "sha512-UIksWtThob6ZVSyxcOqCLOUNg/dyO1Qvx4McgeuhrEtHTLFTf7BBhEazaE4K806FGTPtzd/2sE90qn4fVr7cyw==",
      "dependencies": [
        "undici-types@5.26.5"
      ]
    },
    "@types/node@24.2.0": {
      "integrity": "sha512-3xyG3pMCq3oYCNg7/ZP+E1ooTaGB4cG8JWRsqqOYQdbWNY4zbaV0Ennrd7stjiJEFZCaybcIgpTjJWHRfBSIDw==",
      "dependencies": [
        "undici-types@7.10.0"
      ]
    },
    "@types/unist@2.0.11": {
      "integrity": "sha512-CmBKiL6NNo/OqgmMn95Fk9Whlp2mtvIv+KNpQKN2F4SjvrEesubTRWGYSg+BnWZOnlCaSTU1sMpsBOzgbYhnsA=="
    },
    "abort-controller@3.0.0": {
      "integrity": "sha512-h8lQ8tacZYnR3vNQTgibj+tODHI5/+l06Au2Pcriv/Gmet0eaj4TwWH41sO9wnHDiQsEj19q0drzdWdeAHtweg==",
      "dependencies": [
        "event-target-shim"
      ]
    },
    "agent-base@7.1.1": {
      "integrity": "sha512-H0TSyFNDMomMNJQBn8wFV5YC/2eJ+VXECwOadZJT554xP6cODZHPX3H9QMQECxvrgiSOP1pHjy1sMWQVYJOUOA==",
      "dependencies": [
        "debug"
      ]
    },
    "agentkeepalive@4.6.0": {
      "integrity": "sha512-kja8j7PjmncONqaTsB8fQ+wE2mSU2DJ9D4XKoJ5PFWIdRMa6SLSN1ff4mOr4jCbfRSsxR4keIiySJU0N9T5hIQ==",
      "dependencies": [
        "humanize-ms"
      ]
    },
    "asynckit@0.4.0": {
      "integrity": "sha512-Oei9OH4tRh0YqU3GxhX79dM/mwVgvbZJaSNaRk+bshkj0S5cfHcgYakreBjrHwatXKbz+IoIdYLxrKim2MjW0Q=="
    },
    "bail@1.0.5": {
      "integrity": "sha512-xFbRxM1tahm08yHBP16MMjVUAvDaBMD38zsM9EMAUN61omwLmKlOpB/Zku5QkjZ8TZ4vn53pj+t518cH0S03RQ=="
    },
    "base64-js@1.5.1": {
      "integrity": "sha512-AKpaYlHn8t4SVbOHCy+b5+KKgvR4vrsD8vbvrbiQJps7fKDTkjkDry6ji0rUJjC0kzbNePLwzxq8iypo41qeWA=="
    },
    "bignumber.js@9.3.0": {
      "integrity": "sha512-EM7aMFTXbptt/wZdMlBv2t8IViwQL+h6SLHosp8Yf0dqJMTnY6iL32opnAB6kAdL0SZPuvcAzFr31o0c/R3/RA=="
    },
    "buffer-equal-constant-time@1.0.1": {
      "integrity": "sha512-zRpUiDwd/xk6ADqPMATG8vc9VPrkck7T07OIx0gnjmJAnHnTVXNQG3vfvWNuiZIkwu9KrKdA1iJKfsfTVxE6NA=="
    },
    "ccount@1.1.0": {
      "integrity": "sha512-vlNK021QdI7PNeiUh/lKkC/mNHHfV0m/Ad5JoI0TYtlBnJAslM/JIkm/tGC88bkLIwO6OQ5uV6ztS6kVAtCDlg=="
    },
    "character-entities-legacy@1.1.4": {
      "integrity": "sha512-3Xnr+7ZFS1uxeiUDvV02wQ+QDbc55o97tIV5zHScSPJpcLm/r0DFPcoY3tYRp+VZukxuMeKgXYmsXQHO05zQeA=="
    },
    "character-entities@1.2.4": {
      "integrity": "sha512-iBMyeEHxfVnIakwOuDXpVkc54HijNgCyQB2w0VfGQThle6NXn50zU6V/u+LDhxHcDUPojn6Kpga3PTAD8W1bQw=="
    },
    "character-reference-invalid@1.1.4": {
      "integrity": "sha512-mKKUkUbhPpQlCOfIuZkvSEgktjPFIsZKRRbC6KWVEMvlzblj3i3asQv5ODsrwt0N3pHAEvjP8KTQPHkp0+6jOg=="
    },
    "combined-stream@1.0.8": {
      "integrity": "sha512-FQN4MRfuJeHf7cBbBMJFXhKSDq+2kAArBlmRBvcvFE5BB1HZKXtSFASDhdlz9zOYwxh8lDdnvmMOe/+5cdoEdg==",
      "dependencies": [
        "delayed-stream"
      ]
    },
    "debug@4.3.6": {
      "integrity": "sha512-O/09Bd4Z1fBrU4VzkhFqVgpPzaGbw6Sm9FEkBT1A/YBXQFGuuSxa1dN2nxgxS34JmKXqYx8CZAwEVoJFImUXIg==",
      "dependencies": [
        "ms"
      ]
    },
    "delayed-stream@1.0.0": {
      "integrity": "sha512-ZySD7Nf91aLB0RxL4KGrKHBXl7Eds1DAmEdcoVawXnLD7SDhpNgtuII2aAkg7a7QS41jxPSZ17p4VdGnMHk3MQ=="
    },
    "ecdsa-sig-formatter@1.0.11": {
      "integrity": "sha512-nagl3RYrbNv6kQkeJIpt6NJZy8twLB/2vtz6yN9Z4vRKHN4/QZJIEbqohALSgwKdnksuY3k5Addp5lg8sVoVcQ==",
      "dependencies": [
        "safe-buffer"
      ]
    },
    "escape-string-regexp@4.0.0": {
      "integrity": "sha512-TtpcNJ3XAzx3Gq8sWRzJaVajRs0uVxA2YAkdb1jm2YkPz4G6egUFAyA3n5vtEIZefPk5Wa4UXbKuS5fKkJWdgA=="
    },
    "event-target-shim@5.0.1": {
      "integrity": "sha512-i/2XbnSz/uxRCU6+NdVJgKWDTM427+MqYbkQzD321DuCQJUqOuJKIA0IM2+W2xtYHdKOmZ4dR6fExsd4SXL+WQ=="
    },
    "extend@3.0.2": {
      "integrity": "sha512-fjquC59cD7CyW6urNXK0FBufkZcoiGG80wTuPujX590cB5Ttln20E2UB4S/WARVqhXffZl2LNgS+gQdPIIim/g=="
    },
    "form-data-encoder@1.7.2": {
      "integrity": "sha512-qfqtYan3rxrnCk1VYaA4H+Ms9xdpPqvLZa6xmMgFvhO32x7/3J/ExcTd6qpxM0vH2GdMI+poehyBZvqfMTto8A=="
    },
    "form-data@4.0.1": {
      "integrity": "sha512-tzN8e4TX8+kkxGPK8D5u0FNmjPUjw3lwC9lSLxxoB/+GtsJG91CO8bSWy73APlgAZzZbXEYZJuxjkHH2w+Ezhw==",
      "dependencies": [
        "asynckit",
        "combined-stream",
        "mime-types"
      ]
    },
    "formdata-node@4.4.1": {
      "integrity": "sha512-0iirZp3uVDjVGt9p49aTaqjk84TrglENEDuqfdlZQ1roC9CWlPk6Avf8EEnZNcAqPonwkG35x4n3ww/1THYAeQ==",
      "dependencies": [
        "node-domexception",
        "web-streams-polyfill"
      ]
    },
    "gaxios@6.7.1": {
      "integrity": "sha512-LDODD4TMYx7XXdpwxAVRAIAuB0bzv0s+ywFonY46k126qzQHT9ygyoa9tncmOiQmmDrik65UYsEkv3lbfqQ3yQ==",
      "dependencies": [
        "extend",
        "https-proxy-agent",
        "is-stream",
        "node-fetch",
        "uuid"
      ]
    },
    "gcp-metadata@6.1.1": {
      "integrity": "sha512-a4tiq7E0/5fTjxPAaH4jpjkSv/uCaU2p5KC6HVGrvl0cDjA8iBZv4vv1gyzlmK0ZUKqwpOyQMKzZQe3lTit77A==",
      "dependencies": [
        "gaxios",
        "google-logging-utils",
        "json-bigint"
      ]
    },
    "google-auth-library@9.15.1": {
      "integrity": "sha512-Jb6Z0+nvECVz+2lzSMt9u98UsoakXxA2HGHMCxh+so3n90XgYWkq5dur19JAJV7ONiJY22yBTyJB1TSkvPq9Ng==",
      "dependencies": [
        "base64-js",
        "ecdsa-sig-formatter",
        "gaxios",
        "gcp-metadata",
        "gtoken",
        "jws"
      ]
    },
    "google-logging-utils@0.0.2": {
      "integrity": "sha512-NEgUnEcBiP5HrPzufUkBzJOD/Sxsco3rLNo1F1TNf7ieU8ryUzBhqba8r756CjLX7rn3fHl6iLEwPYuqpoKgQQ=="
    },
    "grammy@1.34.1": {
      "integrity": "sha512-0ypt5d1bna8CqSANlDCg2ce1sx87oDm9gjyPRHWYpAgvjy3WYW9oEmMllAYCWCZ3vHDULW5x14jBMXai51ar0Q==",
      "dependencies": [
        "@grammyjs/types",
        "abort-controller",
        "debug",
        "node-fetch"
      ]
    },
    "groq-sdk@0.15.0": {
      "integrity": "sha512-aYDEdr4qczx3cLCRRe+Beb37I7g/9bD5kHF+EEDxcrREWw1vKoRcfP3vHEkJB7Ud/8oOuF0scRwDpwWostTWuQ==",
      "dependencies": [
        "@types/node@18.19.75",
        "@types/node-fetch",
        "abort-controller",
        "agentkeepalive",
        "form-data-encoder",
        "formdata-node",
        "node-fetch"
      ]
    },
    "gtoken@7.1.0": {
      "integrity": "sha512-pCcEwRi+TKpMlxAQObHDQ56KawURgyAf6jtIY046fJ5tIv3zDe/LEIubckAO8fj6JnAxLdmWkUfNyulQ2iKdEw==",
      "dependencies": [
        "gaxios",
        "jws"
      ]
    },
    "html-comment-regex@1.1.2": {
      "integrity": "sha512-P+M65QY2JQ5Y0G9KKdlDpo0zK+/OHptU5AaBwUfAIDJZk1MYf32Frm84EcOytfJE0t5JvkAnKlmjsXDnWzCJmQ=="
    },
    "http-proxy-agent@7.0.2": {
      "integrity": "sha512-T1gkAiYYDWYx3V5Bmyu7HcfcvL7mUrTWiM6yOfa3PIphViJ/gFPbvidQ+veqSOHci/PxBcDabeUNCzpOODJZig==",
      "dependencies": [
        "agent-base",
        "debug"
      ]
    },
    "https-proxy-agent@7.0.5": {
      "integrity": "sha512-1e4Wqeblerz+tMKPIq2EMGiiWW1dIjZOksyHWSUm1rmuvw/how9hBHZ38lAGj5ID4Ik6EdkOw7NmWPy6LAwalw==",
      "dependencies": [
        "agent-base",
        "debug"
      ]
    },
    "humanize-ms@1.2.1": {
      "integrity": "sha512-Fl70vYtsAFb/C06PTS9dZBo7ihau+Tu/DNCk/OyHhea07S+aeMWpFFkUaXRa8fI+ScZbEI8dfSxwY7gxZ9SAVQ==",
      "dependencies": [
        "ms"
      ]
    },
    "is-alphabetical@1.0.4": {
      "integrity": "sha512-DwzsA04LQ10FHTZuL0/grVDk4rFoVH1pjAToYwBrHSxcrBIGQuXrQMtD5U1b0U2XVgKZCTLLP8u2Qxqhy3l2Vg=="
    },
    "is-alphanumerical@1.0.4": {
      "integrity": "sha512-UzoZUr+XfVz3t3v4KyGEniVL9BDRoQtY7tOyrRybkVNjDFWyo1yhXNGrrBTQxp3ib9BLAWs7k2YKBQsFRkZG9A==",
      "dependencies": [
        "is-alphabetical",
        "is-decimal"
      ]
    },
    "is-buffer@2.0.5": {
      "integrity": "sha512-i2R6zNFDwgEHJyQUtJEk0XFi1i0dPFn/oqjK3/vPCcDeJvW5NQ83V8QbicfF1SupOaB0h8ntgBC2YiE7dfyctQ=="
    },
    "is-decimal@1.0.4": {
      "integrity": "sha512-RGdriMmQQvZ2aqaQq3awNA6dCGtKpiDFcOzrTWrDAT2MiWrKQVPmxLGHl7Y2nNu6led0kEyoX0enY0qXYsv9zw=="
    },
    "is-hexadecimal@1.0.4": {
      "integrity": "sha512-gyPJuv83bHMpocVYoqof5VDiZveEoGoFL8m3BXNb2VW8Xs+rz9kqO8LOQ5DH6EsuvilT1ApazU0pyl+ytbPtlw=="
    },
    "is-plain-obj@2.1.0": {
      "integrity": "sha512-YWnfyRwxL/+SsrWYfOpUtz5b3YD+nyfkHvjbcanzk8zgyO4ASD67uVMRt8k5bM4lLMDnXfriRhOpemw+NfT1eA=="
    },
    "is-stream@2.0.1": {
      "integrity": "sha512-hFoiJiTl63nn+kstHGBtewWSKnQLpyb155KHheA1l39uvtO9nWIop1p3udqPcUd/xbF1VLMO4n7OI6p7RbngDg=="
    },
    "json-bigint@1.0.0": {
      "integrity": "sha512-SiPv/8VpZuWbvLSMtTDU8hEfrZWg/mH/nV/b4o0CYbSxu1UIQPLdwKOCIyLQX+VIPO5vrLX3i8qtqFyhdPSUSQ==",
      "dependencies": [
        "bignumber.js"
      ]
    },
    "jwa@2.0.0": {
      "integrity": "sha512-jrZ2Qx916EA+fq9cEAeCROWPTfCwi1IVHqT2tapuqLEVVDKFDENFw1oL+MwrTvH6msKxsd1YTDVw6uKEcsrLEA==",
      "dependencies": [
        "buffer-equal-constant-time",
        "ecdsa-sig-formatter",
        "safe-buffer"
      ]
    },
    "jws@4.0.0": {
      "integrity": "sha512-KDncfTmOZoOMTFG4mBlG0qUIOlc03fmzH+ru6RgYVZhPkyiy/92Owlt/8UEN+a4TXR1FQetfIpJE8ApdvdVxTg==",
      "dependencies": [
        "jwa",
        "safe-buffer"
      ]
    },
    "longest-streak@2.0.4": {
      "integrity": "sha512-vM6rUVCVUJJt33bnmHiZEvr7wPT78ztX7rojL+LW51bHtLh6HTjx84LA5W4+oa6aKEJA7jJu5LR6vQRBpA5DVg=="
    },
    "markdown-table@2.0.0": {
      "integrity": "sha512-Ezda85ToJUBhM6WGaG6veasyym+Tbs3cMAw/ZhOPqXiYsr0jgocBV3j3nx+4lk47plLlIqjwuTm/ywVI+zjJ/A==",
      "dependencies": [
        "repeat-string"
      ]
    },
    "mdast-util-find-and-replace@1.1.1": {
      "integrity": "sha512-9cKl33Y21lyckGzpSmEQnIDjEfeeWelN5s1kUW1LwdB0Fkuq2u+4GdqcGEygYxJE8GVqCl0741bYXHgamfWAZA==",
      "dependencies": [
        "escape-string-regexp",
        "unist-util-is",
        "unist-util-visit-parents"
      ]
    },
    "mdast-util-from-markdown@0.8.5": {
      "integrity": "sha512-2hkTXtYYnr+NubD/g6KGBS/0mFmBcifAsI0yIWRiRo0PjVs6SSOSOdtzbp6kSGnShDN6G5aWZpKQ2lWRy27mWQ==",
      "dependencies": [
        "@types/mdast",
        "mdast-util-to-string",
        "micromark",
        "parse-entities",
        "unist-util-stringify-position"
      ]
    },
    "mdast-util-gfm-autolink-literal@0.1.3": {
      "integrity": "sha512-GjmLjWrXg1wqMIO9+ZsRik/s7PLwTaeCHVB7vRxUwLntZc8mzmTsLVr6HW1yLokcnhfURsn5zmSVdi3/xWWu1A==",
      "dependencies": [
        "ccount",
        "mdast-util-find-and-replace",
        "micromark"
      ]
    },
    "mdast-util-gfm-strikethrough@0.2.3": {
      "integrity": "sha512-5OQLXpt6qdbttcDG/UxYY7Yjj3e8P7X16LzvpX8pIQPYJ/C2Z1qFGMmcw+1PZMUM3Z8wt8NRfYTvCni93mgsgA==",
      "dependencies": [
        "mdast-util-to-markdown"
      ]
    },
    "mdast-util-gfm-table@0.1.6": {
      "integrity": "sha512-j4yDxQ66AJSBwGkbpFEp9uG/LS1tZV3P33fN1gkyRB2LoRL+RR3f76m0HPHaby6F4Z5xr9Fv1URmATlRRUIpRQ==",
      "dependencies": [
        "markdown-table",
        "mdast-util-to-markdown"
      ]
    },
    "mdast-util-gfm-task-list-item@0.1.6": {
      "integrity": "sha512-/d51FFIfPsSmCIRNp7E6pozM9z1GYPIkSy1urQ8s/o4TC22BZ7DqfHFWiqBD23bc7J3vV1Fc9O4QIHBlfuit8A==",
      "dependencies": [
        "mdast-util-to-markdown"
      ]
    },
    "mdast-util-gfm@0.1.2": {
      "integrity": "sha512-NNkhDx/qYcuOWB7xHUGWZYVXvjPFFd6afg6/e2g+SV4r9q5XUcCbV4Wfa3DLYIiD+xAEZc6K4MGaE/m0KDcPwQ==",
      "dependencies": [
        "mdast-util-gfm-autolink-literal",
        "mdast-util-gfm-strikethrough",
        "mdast-util-gfm-table",
        "mdast-util-gfm-task-list-item",
        "mdast-util-to-markdown"
      ]
    },
    "mdast-util-to-markdown@0.6.5": {
      "integrity": "sha512-XeV9sDE7ZlOQvs45C9UKMtfTcctcaj/pGwH8YLbMHoMOXNNCn2LsqVQOqrF1+/NU8lKDAqozme9SCXWyo9oAcQ==",
      "dependencies": [
        "@types/unist",
        "longest-streak",
        "mdast-util-to-string",
        "parse-entities",
        "repeat-string",
        "zwitch"
      ]
    },
    "mdast-util-to-string@2.0.0": {
      "integrity": "sha512-AW4DRS3QbBayY/jJmD8437V1Gombjf8RSOUCMFBuo5iHi58AGEgVCKQ+ezHkZZDpAQS75hcBMpLqjpJTjtUL7w=="
    },
    "micromark-extension-gfm-autolink-literal@0.5.7": {
      "integrity": "sha512-ePiDGH0/lhcngCe8FtH4ARFoxKTUelMp4L7Gg2pujYD5CSMb9PbblnyL+AAMud/SNMyusbS2XDSiPIRcQoNFAw==",
      "dependencies": [
        "micromark"
      ]
    },
    "micromark-extension-gfm-strikethrough@0.6.5": {
      "integrity": "sha512-PpOKlgokpQRwUesRwWEp+fHjGGkZEejj83k9gU5iXCbDG+XBA92BqnRKYJdfqfkrRcZRgGuPuXb7DaK/DmxOhw==",
      "dependencies": [
        "micromark"
      ]
    },
    "micromark-extension-gfm-table@0.4.3": {
      "integrity": "sha512-hVGvESPq0fk6ALWtomcwmgLvH8ZSVpcPjzi0AjPclB9FsVRgMtGZkUcpE0zgjOCFAznKepF4z3hX8z6e3HODdA==",
      "dependencies": [
        "micromark"
      ]
    },
    "micromark-extension-gfm-tagfilter@0.3.0": {
      "integrity": "sha512-9GU0xBatryXifL//FJH+tAZ6i240xQuFrSL7mYi8f4oZSbc+NvXjkrHemeYP0+L4ZUT+Ptz3b95zhUZnMtoi/Q=="
    },
    "micromark-extension-gfm-task-list-item@0.3.3": {
      "integrity": "sha512-0zvM5iSLKrc/NQl84pZSjGo66aTGd57C1idmlWmE87lkMcXrTxg1uXa/nXomxJytoje9trP0NDLvw4bZ/Z/XCQ==",
      "dependencies": [
        "micromark"
      ]
    },
    "micromark-extension-gfm@0.3.3": {
      "integrity": "sha512-oVN4zv5/tAIA+l3GbMi7lWeYpJ14oQyJ3uEim20ktYFAcfX1x3LNlFGGlmrZHt7u9YlKExmyJdDGaTt6cMSR/A==",
      "dependencies": [
        "micromark",
        "micromark-extension-gfm-autolink-literal",
        "micromark-extension-gfm-strikethrough",
        "micromark-extension-gfm-table",
        "micromark-extension-gfm-tagfilter",
        "micromark-extension-gfm-task-list-item"
      ]
    },
    "micromark@2.11.4": {
      "integrity": "sha512-+WoovN/ppKolQOFIAajxi7Lu9kInbPxFuTBVEavFcL8eAfVstoc5MocPmqBeAdBOJV00uaVjegzH4+MA0DN/uA==",
      "dependencies": [
        "debug",
        "parse-entities"
      ]
    },
    "mime-db@1.52.0": {
      "integrity": "sha512-sPU4uV7dYlvtWJxwwxHD0PuihVNiE7TyAbQ5SWxDCB9mUYvOgroQOwYQQOKPJ8CIbE+1ETVlOoK1UC2nU3gYvg=="
    },
    "mime-types@2.1.35": {
      "integrity": "sha512-ZDY+bPm5zTTF+YpCrAU9nK0UgICYPT0QtT1NZWFv4s++TNkcgVaT0g6+4R2uI4MjQjzysHB1zxuWL50hzaeXiw==",
      "dependencies": [
        "mime-db"
      ]
    },
    "ms@2.1.2": {
      "integrity": "sha512-sGkPx+VjMtmA6MX27oA4FBFELFCZZ4S4XqeGOXCv68tT+jb3vk/RyaKWP0PTKyWtmLSM0b+adUTEvbs1PEaH2w=="
    },
    "node-domexception@1.0.0": {
      "integrity": "sha512-/jKZoMpw0F8GRwl4/eLROPA3cfcXtLApP0QzLmUT/HuPCZWyB7IY9ZrMeKw2O/nFIqPQB3PVM9aYm0F312AXDQ==",
      "deprecated": true
    },
    "node-fetch@2.7.0": {
      "integrity": "sha512-c4FRfUm/dbcWZ7U+1Wq0AwCyFL+3nt2bEw05wfxSz+DWpWsitgmSgYmy2dQdWyKC1694ELPqMs/YzUSNozLt8A==",
      "dependencies": [
        "whatwg-url"
      ]
    },
    "parse-entities@2.0.0": {
      "integrity": "sha512-kkywGpCcRYhqQIchaWqZ875wzpS/bMKhz5HnN3p7wveJTkTtyAB/AlnS0f8DFSqYW1T82t6yEAkEcB+A1I3MbQ==",
      "dependencies": [
        "character-entities",
        "character-entities-legacy",
        "character-reference-invalid",
        "is-alphanumerical",
        "is-decimal",
        "is-hexadecimal"
      ]
    },
    "remark-gfm@1.0.0": {
      "integrity": "sha512-KfexHJCiqvrdBZVbQ6RopMZGwaXz6wFJEfByIuEwGf0arvITHjiKKZ1dpXujjH9KZdm1//XJQwgfnJ3lmXaDPA==",
      "dependencies": [
        "mdast-util-gfm",
        "micromark-extension-gfm"
      ]
    },
    "remark-parse@9.0.0": {
      "integrity": "sha512-geKatMwSzEXKHuzBNU1z676sGcDcFoChMK38TgdHJNAYfFtsfHDQG7MoJAjs6sgYMqyLduCYWDIWZIxiPeafEw==",
      "dependencies": [
        "mdast-util-from-markdown"
      ]
    },
    "remark-remove-comments@0.2.0": {
      "integrity": "sha512-faGaTeqp0bvDgE0uTofa90EBHD4HXeHN+EUaPDR9datgFvaPkYcLxakaJud9LnomFPkOhx0A9NMYFk/lln/etQ==",
      "dependencies": [
        "html-comment-regex",
        "unist-util-visit"
      ]
    },
    "remark-stringify@9.0.1": {
      "integrity": "sha512-mWmNg3ZtESvZS8fv5PTvaPckdL4iNlCHTt8/e/8oN08nArHRHjNZMKzA/YW3+p7/lYqIw4nx1XsjCBo/AxNChg==",
      "dependencies": [
        "mdast-util-to-markdown"
      ]
    },
    "repeat-string@1.6.1": {
      "integrity": "sha512-PV0dzCYDNfRi1jCDbJzpW7jNNDRuCOG/jI5ctQcGKt/clZD+YcPS3yIlWuTJMmESC8aevCFmWJy5wjAFgNqN6w=="
    },
    "safe-buffer@5.2.1": {
      "integrity": "sha512-rp3So07KcdmmKbGvgaNxQSJr7bGVSVk5S9Eq1F+ppbRo70+YeaDxkw5Dd8NPN+GD6bjnYm2VuPuCXmpuYvmCXQ=="
    },
    "telegramify-markdown@1.3.0": {
      "integrity": "sha512-Qz2YCEc/1DBt2123bn4OSLANUchpGeTJ/3EyFzIeooGFUL4n+DcTP/4u1DZ0oBpgzQX5NdRHys20T8AJcEEGIA==",
      "dependencies": [
        "mdast-util-gfm-table",
        "mdast-util-to-markdown",
        "remark-gfm",
        "remark-parse",
        "remark-remove-comments",
        "remark-stringify",
        "unified",
        "unist-util-remove",
        "unist-util-visit"
      ]
    },
    "tr46@0.0.3": {
      "integrity": "sha512-N3WMsuqV66lT30CrXNbEjx4GEwlow3v6rr4mCcv6prnfwhS01rkgyFdjPNBYd9br7LpXV1+Emh01fHnq2Gdgrw=="
    },
    "trough@1.0.5": {
      "integrity": "sha512-rvuRbTarPXmMb79SmzEp8aqXNKcK+y0XaB298IXueQ8I2PsrATcPBCSPyK/dDNa2iWOhKlfNnOjdAOTBU/nkFA=="
    },
    "tslib@2.7.0": {
      "integrity": "sha512-gLXCKdN1/j47AiHiOkJN69hJmcbGTHI0ImLmbYLHykhgeN0jVGola9yVjFgzCUklsZQMW55o+dW7IXv3RCXDzA=="
    },
    "undici-types@5.26.5": {
      "integrity": "sha512-JlCMO+ehdEIKqlFxk6IfVoAUVmgz7cU7zD/h9XZ0qzeosSHmUJVOzSQvvYSYWXkFXC+IfLKSIffhv0sVZup6pA=="
    },
    "undici-types@7.10.0": {
      "integrity": "sha512-t5Fy/nfn+14LuOc2KNYg75vZqClpAiqscVvMygNnlsHBFpSXdJaYtXMcdNLpl/Qvc3P2cB3s6lOV51nqsFq4ag=="
    },
    "unified@9.2.2": {
      "integrity": "sha512-Sg7j110mtefBD+qunSLO1lqOEKdrwBFBrR6Qd8f4uwkhWNlbkaqwHse6e7QvD3AP/MNoJdEDLaf8OxYyoWgorQ==",
      "dependencies": [
        "bail",
        "extend",
        "is-buffer",
        "is-plain-obj",
        "trough",
        "vfile"
      ]
    },
    "unist-util-is@4.1.0": {
      "integrity": "sha512-ZOQSsnce92GrxSqlnEEseX0gi7GH9zTJZ0p9dtu87WRb/37mMPO2Ilx1s/t9vBHrFhbgweUwb+t7cIn5dxPhZg=="
    },
    "unist-util-remove@2.1.0": {
      "integrity": "sha512-J8NYPyBm4baYLdCbjmf1bhPu45Cr1MWTm77qd9istEkzWpnN6O9tMsEbB2JhNnBCqGENRqEWomQ+He6au0B27Q==",
      "dependencies": [
        "unist-util-is"
      ]
    },
    "unist-util-stringify-position@2.0.3": {
      "integrity": "sha512-3faScn5I+hy9VleOq/qNbAd6pAx7iH5jYBMS9I1HgQVijz/4mv5Bvw5iw1sC/90CODiKo81G/ps8AJrISn687g==",
      "dependencies": [
        "@types/unist"
      ]
    },
    "unist-util-visit-parents@3.1.1": {
      "integrity": "sha512-1KROIZWo6bcMrZEwiH2UrXDyalAa0uqzWCxCJj6lPOvTve2WkfgCytoDTPaMnodXh1WrXOq0haVYHj99ynJlsg==",
      "dependencies": [
        "@types/unist",
        "unist-util-is"
      ]
    },
    "unist-util-visit@2.0.3": {
      "integrity": "sha512-iJ4/RczbJMkD0712mGktuGpm/U4By4FfDonL7N/9tATGIF4imikjOuagyMY53tnZq3NP6BcmlrHhEKAfGWjh7Q==",
      "dependencies": [
        "@types/unist",
        "unist-util-is",
        "unist-util-visit-parents"
      ]
    },
    "uuid@9.0.1": {
      "integrity": "sha512-b+1eJOlsR9K8HJpow9Ok3fiWOWSIcIzXodvv0rQjVoOVNpWMpxf1wZNpt4y9h10odCNrqnYp1OBzRktckBe3sA==",
      "bin": true
    },
    "vfile-message@2.0.4": {
      "integrity": "sha512-DjssxRGkMvifUOJre00juHoP9DPWuzjxKuMDrhNbk2TdaYYBNMStsNhEOt3idrtI12VQYM/1+iM0KOzXi4pxwQ==",
      "dependencies": [
        "@types/unist",
        "unist-util-stringify-position"
      ]
    },
    "vfile@4.2.1": {
      "integrity": "sha512-O6AE4OskCG5S1emQ/4gl8zK586RqA3srz3nfK/Viy0UPToBc5Trp9BVFb1u0CjsKrAWwnpr4ifM/KBXPWwJbCA==",
      "dependencies": [
        "@types/unist",
        "is-buffer",
        "unist-util-stringify-position",
        "vfile-message"
      ]
    },
    "web-streams-polyfill@4.0.0-beta.3": {
      "integrity": "sha512-QW95TCTaHmsYfHDybGMwO5IJIM93I/6vTRk+daHTWFPhwh+C8Cg7j7XyKrwrj8Ib6vYXe0ocYNrmzY4xAAN6ug=="
    },
    "webidl-conversions@3.0.1": {
      "integrity": "sha512-2JAn3z8AR6rjK8Sm8orRC0h/bcl/DqL7tRPdGZ4I1CjdF+EaMLmYxBHyXuKL849eucPFhvBoxMsflfOb8kxaeQ=="
    },
    "whatwg-url@5.0.0": {
      "integrity": "sha512-saE57nupxk6v3HY35+jzBwYa0rKSy0XR8JSxZPwgLr7ys0IBzhGviA1/TUGJLmSVqs8pb9AnvICXEuOHLprYTw==",
      "dependencies": [
        "tr46",
        "webidl-conversions"
      ]
    },
    "ws@8.18.1": {
      "integrity": "sha512-RKW2aJZMXeMxVpnZ6bck+RswznaxmzdULiBr6KY7XkTnW8uvt0iT9H5DkHUChXrc+uurzwa0rVI16n/Xzjdz1w=="
    },
    "zod-to-json-schema@3.24.5_zod@3.24.3": {
      "integrity": "sha512-/AuWwMP+YqiPbsJx5D6TfgRTc4kTLjsh5SOcd4bLsfUg2RcEXrFMJl1DGgdHy2aCfsIA/cr/1JM0xcB2GZji8g==",
      "dependencies": [
        "zod"
      ]
    },
    "zod@3.24.3": {
      "integrity": "sha512-HhY1oqzWCQWuUqvBFnsyrtZRhyPeR7SUGv+C4+MsisMuVfSPx8HpwWqH8tRahSlt6M3PiFAcoeFhZAqIXTxoSg=="
    },
    "zwitch@1.0.5": {
      "integrity": "sha512-V50KMwwzqJV0NpZIZFwfOD5/lyny3WlSzRiXgA0G7VUnRlqttta1L6UQIHzd6EuBY/cHGfwTIck7w1yH6Q5zUw=="
    }
  },
  "redirects": {
    "https://deno.land/x/grammy/mod.ts": "https://deno.land/x/grammy@v1.34.1/mod.ts",
    "https://deno.land/x/grammy/types.deno.ts": "https://deno.land/x/grammy@v1.34.1/types.deno.ts",
    "https://esm.sh/@huggingface/inference": "https://esm.sh/@huggingface/inference@2.8.0",
    "https://esm.sh/@huggingface/tasks@^0.17.0?target=denonext": "https://esm.sh/@huggingface/tasks@0.17.1?target=denonext",
    "https://lib.deno.dev/x/grammy@^1.20/mod.ts": "https://deno.land/x/grammy@v1.34.1/mod.ts",
    "https://lib.deno.dev/x/grammy@^1.20/types.ts": "https://deno.land/x/grammy@v1.34.1/types.ts"
  },
  "remote": {
    "https://cdn.skypack.dev/-/debug@v4.3.4-o4liVvMlOnQWbLSYZMXw/dist=es2019,mode=imports/optimized/debug.js": "671100993996e39b501301a87000607916d4d2d9f8fc8e9c5200ae5ba64a1389",
    "https://cdn.skypack.dev/-/ms@v2.1.2-giBDZ1IA5lmQ3ZXaa87V/dist=es2019,mode=imports/optimized/ms.js": "fd88e2d51900437011f1ad232f3393ce97db1b87a7844b3c58dd6d65562c1276",
    "https://cdn.skypack.dev/debug@4.3.4": "7b1d010cc930f71b940ba5941da055bc181115229e29de7214bdb4425c68ea76",
    "https://deno.land/std@0.211.0/path/_common/assert_path.ts": "2ca275f36ac1788b2acb60fb2b79cb06027198bc2ba6fb7e163efaedde98c297",
    "https://deno.land/std@0.211.0/path/_common/basename.ts": "569744855bc8445f3a56087fd2aed56bdad39da971a8d92b138c9913aecc5fa2",
    "https://deno.land/std@0.211.0/path/_common/constants.ts": "dc5f8057159f4b48cd304eb3027e42f1148cf4df1fb4240774d3492b5d12ac0c",
    "https://deno.land/std@0.211.0/path/_common/strip_trailing_separators.ts": "7024a93447efcdcfeaa9339a98fa63ef9d53de363f1fbe9858970f1bba02655a",
    "https://deno.land/std@0.211.0/path/_os.ts": "8fb9b90fb6b753bd8c77cfd8a33c2ff6c5f5bc185f50de8ca4ac6a05710b2c15",
    "https://deno.land/std@0.211.0/path/basename.ts": "5d341aadb7ada266e2280561692c165771d071c98746fcb66da928870cd47668",
    "https://deno.land/std@0.211.0/path/posix/_util.ts": "1e3937da30f080bfc99fe45d7ed23c47dd8585c5e473b2d771380d3a6937cf9d",
    "https://deno.land/std@0.211.0/path/posix/basename.ts": "39ee27a29f1f35935d3603ccf01d53f3d6e0c5d4d0f84421e65bd1afeff42843",
    "https://deno.land/std@0.211.0/path/windows/_util.ts": "d5f47363e5293fced22c984550d5e70e98e266cc3f31769e1710511803d04808",
    "https://deno.land/std@0.211.0/path/windows/basename.ts": "e2dbf31d1d6385bfab1ce38c333aa290b6d7ae9e0ecb8234a654e583cf22f8fe",
    "https://deno.land/x/grammy@v1.29.0/bot.ts": "9576361190e2dfcf7d2a665e6e20b66c15ae7a7cf81c25baea50b6c682b7a439",
    "https://deno.land/x/grammy@v1.29.0/composer.ts": "dab5a40d8a6fdc734bfb218f8b2e4ef846c05b833219ddd3fdee3f145bb2660b",
    "https://deno.land/x/grammy@v1.29.0/context.ts": "e3e3ba7d1ad83eb40d9747772dd7502748df48098934448bfb80759a52a8cfc0",
    "https://deno.land/x/grammy@v1.29.0/convenience/constants.ts": "1560129784be52f49aa0bea8716f09ed00dac367fef195be6a2c09bdfc43fb99",
    "https://deno.land/x/grammy@v1.29.0/convenience/frameworks.ts": "69f343980c349f9552a022ae732b3d5de0894013df0fd304b4ad29bd62425dc1",
    "https://deno.land/x/grammy@v1.29.0/convenience/inline_query.ts": "409d1940c7670708064efa495003bcbfdf6763a756b2e6303c464489fd3394ff",
    "https://deno.land/x/grammy@v1.29.0/convenience/input_media.ts": "7af72a5fdb1af0417e31b1327003f536ddfdf64e06ab8bc7f5da6b574de38658",
    "https://deno.land/x/grammy@v1.29.0/convenience/keyboard.ts": "de39a47199a9dde779c396c951a0452080df0e964e9ea366ae4237acdc3302f7",
    "https://deno.land/x/grammy@v1.29.0/convenience/session.ts": "f0ce5742f7938aae146946c8b84d29540d20f592193ebfc217cb79e6e1af33fe",
    "https://deno.land/x/grammy@v1.29.0/convenience/webhook.ts": "53937566edaa258401a44594a8f750a15983952bd99aa4d21c6722a7aa1d77a9",
    "https://deno.land/x/grammy@v1.29.0/core/api.ts": "1a4842f9d2a7026e78f21422d4e1b301ce2ac6f52dd9fc006d38cc8f9aebecb0",
    "https://deno.land/x/grammy@v1.29.0/core/client.ts": "0830ccfa575f926092431896071e1999de8a5bd829ffa6c21c1315d58227b51f",
    "https://deno.land/x/grammy@v1.29.0/core/error.ts": "5245f18f273da6be364f525090c24d2e9a282c180904f674f66946f2b2556247",
    "https://deno.land/x/grammy@v1.29.0/core/payload.ts": "420e17c3c2830b5576ea187cfce77578fe09f1204b25c25ea2f220ca7c86e73b",
    "https://deno.land/x/grammy@v1.29.0/filter.ts": "64f5579ce1a7ec52dac5b10e3ef51b3b5168f6fb9301f816ec08f35fe9b69481",
    "https://deno.land/x/grammy@v1.29.0/mod.ts": "7723e08709ff7fd01df3e463503e14e4fd1a581669380eed70351e1121e8a833",
    "https://deno.land/x/grammy@v1.29.0/platform.deno.ts": "68272a7e1d9a2d74d8a45342526485dbc0531dee812f675d7f8a4e7fc8393028",
    "https://deno.land/x/grammy@v1.29.0/types.deno.ts": "1c6afb8544f3dd2f9eea32cf12e8176e813134351238d31c79819c1771052faa",
    "https://deno.land/x/grammy@v1.29.0/types.ts": "729415590dfa188dbe924dea614dff4e976babdbabb28a307b869fc25777cdf0",
    "https://deno.land/x/grammy@v1.34.1/bot.ts": "477241b42959a7721292259b958da0601a3f50bb6cc07a642c8f74ccc3226a6c",
    "https://deno.land/x/grammy@v1.34.1/composer.ts": "dab5a40d8a6fdc734bfb218f8b2e4ef846c05b833219ddd3fdee3f145bb2660b",
    "https://deno.land/x/grammy@v1.34.1/context.ts": "7ade509a98d8d3bb314c50bcbe89e970a071d474b6b0b290972f726ab7a937fa",
    "https://deno.land/x/grammy@v1.34.1/convenience/constants.ts": "1560129784be52f49aa0bea8716f09ed00dac367fef195be6a2c09bdfc43fb99",
    "https://deno.land/x/grammy@v1.34.1/convenience/frameworks.ts": "e903992a2f277bdc96e3456436979718b9a46029626f8d68a116de72782f381d",
    "https://deno.land/x/grammy@v1.34.1/convenience/inline_query.ts": "409d1940c7670708064efa495003bcbfdf6763a756b2e6303c464489fd3394ff",
    "https://deno.land/x/grammy@v1.34.1/convenience/input_media.ts": "7af72a5fdb1af0417e31b1327003f536ddfdf64e06ab8bc7f5da6b574de38658",
    "https://deno.land/x/grammy@v1.34.1/convenience/keyboard.ts": "dcfdc05f51758855d31dc80637798e0ca1d7f9b85038a6e9e600522e7cdac490",
    "https://deno.land/x/grammy@v1.34.1/convenience/session.ts": "5e4b976528a0b3d7893645ac23e2e35e78671af578a3aed5efb4b621e7e9b6da",
    "https://deno.land/x/grammy@v1.34.1/convenience/webhook.ts": "722f6da8de7578ecfcd263ca07ec3b81f09e7f243fdf2a887ac0e6cab509e116",
    "https://deno.land/x/grammy@v1.34.1/core/api.ts": "f87461d1729dba0cbba9e8c97d903b928ec6bcdc11c25a585e0dbbcca00ae631",
    "https://deno.land/x/grammy@v1.34.1/core/client.ts": "44a9f9fd6dc7eb8ab3c57dab3f550ef5ec53142c5df16ab5501da8e3ea62dcff",
    "https://deno.land/x/grammy@v1.34.1/core/error.ts": "5245f18f273da6be364f525090c24d2e9a282c180904f674f66946f2b2556247",
    "https://deno.land/x/grammy@v1.34.1/core/payload.ts": "420e17c3c2830b5576ea187cfce77578fe09f1204b25c25ea2f220ca7c86e73b",
    "https://deno.land/x/grammy@v1.34.1/filter.ts": "dd30fa957e37a0857e471157bc5a21a13b8f5c3d145b512679aefb3ff5174670",
    "https://deno.land/x/grammy@v1.34.1/mod.ts": "7723e08709ff7fd01df3e463503e14e4fd1a581669380eed70351e1121e8a833",
    "https://deno.land/x/grammy@v1.34.1/platform.deno.ts": "68272a7e1d9a2d74d8a45342526485dbc0531dee812f675d7f8a4e7fc8393028",
    "https://deno.land/x/grammy@v1.34.1/types.deno.ts": "6de0dbb19e6970db2dc07e582240eb2221c88973a936d54b99f827206e74adc6",
    "https://deno.land/x/grammy@v1.34.1/types.ts": "729415590dfa188dbe924dea614dff4e976babdbabb28a307b869fc25777cdf0",
    "https://deno.land/x/grammy@v1.38.2/bot.ts": "b0e3159726c9873787ab7a06c2bcf5b8bb90da3493486b31a50cf260534bfa9e",
    "https://deno.land/x/grammy@v1.38.2/composer.ts": "4fcfc5c5b68107c0e0f24a9b00a5f3cf8d4ed0adee964be17005d96782e09562",
    "https://deno.land/x/grammy@v1.38.2/context.ts": "93d4a302db0b9e06831d8943f488d2c8e10106df78d4e8a981e63ca377551511",
    "https://deno.land/x/grammy@v1.38.2/convenience/constants.ts": "1560129784be52f49aa0bea8716f09ed00dac367fef195be6a2c09bdfc43fb99",
    "https://deno.land/x/grammy@v1.38.2/convenience/frameworks.ts": "4eade9a8cfd004cfeb992e7503353498e7661a7150582900e24e7ae146f7f752",
    "https://deno.land/x/grammy@v1.38.2/convenience/inline_query.ts": "409d1940c7670708064efa495003bcbfdf6763a756b2e6303c464489fd3394ff",
    "https://deno.land/x/grammy@v1.38.2/convenience/input_media.ts": "7af72a5fdb1af0417e31b1327003f536ddfdf64e06ab8bc7f5da6b574de38658",
    "https://deno.land/x/grammy@v1.38.2/convenience/keyboard.ts": "dc5d3f53d0f6a15600ced9b40c85debe55a5d381436826b4cdede18c84bd6bae",
    "https://deno.land/x/grammy@v1.38.2/convenience/session.ts": "5e4b976528a0b3d7893645ac23e2e35e78671af578a3aed5efb4b621e7e9b6da",
    "https://deno.land/x/grammy@v1.38.2/convenience/webhook.ts": "e778e7e0ac5f86600f53534e2fcb799b4bd30562eb0696279181330e76d394f7",
    "https://deno.land/x/grammy@v1.38.2/core/api.ts": "60a82ad4f6e705250b4837b03020e30c895b5ab0a9a8226497521f28aae4f789",
    "https://deno.land/x/grammy@v1.38.2/core/client.ts": "f0acb24fc16a7a41727db4de0799f4153fe3b8d9571931dbbaa89da97030bcae",
    "https://deno.land/x/grammy@v1.38.2/core/error.ts": "5245f18f273da6be364f525090c24d2e9a282c180904f674f66946f2b2556247",
    "https://deno.land/x/grammy@v1.38.2/core/payload.ts": "420e17c3c2830b5576ea187cfce77578fe09f1204b25c25ea2f220ca7c86e73b",
    "https://deno.land/x/grammy@v1.38.2/filter.ts": "a509e2784a5936e6043315f1654ca9d3f082555e128730f782d3ff90a58bbfe7",
    "https://deno.land/x/grammy@v1.38.2/mod.ts": "a973e356760eed1b58bc89280e6eb41bbdf74035f6348c08d6cebf50da1dac34",
    "https://deno.land/x/grammy@v1.38.2/platform.deno.ts": "68272a7e1d9a2d74d8a45342526485dbc0531dee812f675d7f8a4e7fc8393028",
    "https://deno.land/x/grammy@v1.38.2/types.deno.ts": "6a9331bfa81f71b2334527f4611f802b2bf8aabf15e80ac2707b079a8b2fe81a",
    "https://deno.land/x/grammy@v1.38.2/types.ts": "729415590dfa188dbe924dea614dff4e976babdbabb28a307b869fc25777cdf0",
    "https://deno.land/x/grammy_parse_mode@1.11.1/deps.deno.ts": "cbd2d11cae3053c7245053480eb163f6850475d3cbd69d9855260ede13dff8a0",
    "https://deno.land/x/grammy_parse_mode@1.11.1/format.ts": "146edb774dd90f452660a17089704ddb47e760cb6dda07b0e9687d8785ff182e",
    "https://deno.land/x/grammy_parse_mode@1.11.1/hydrate.ts": "735b681d21f2acf3a4bcca13cb0b52edfda81379ec55c716a7be59a2261fae63",
    "https://deno.land/x/grammy_parse_mode@1.11.1/mod.ts": "58b539ea91fa72c1fd66dd5415b6c4b63104301b07d9daf860bd66343db7062c",
    "https://deno.land/x/grammy_parse_mode@1.11.1/transformer.ts": "b08e1e9fdc421286a16de28d3c8e4b53ff6cb0af5536809a8dfad24c4b6cc20c",
    "https://deno.land/x/grammy_types@v3.13.0/api.ts": "ae04d6628e3d25ae805bc07a19475065044fc44cde0a40877405bc3544d03a5f",
    "https://deno.land/x/grammy_types@v3.13.0/inline.ts": "9bc165676a2bb984525adf2c457cdf5f432016b25c3d399dceedfeaf638dbf29",
    "https://deno.land/x/grammy_types@v3.13.0/langs.ts": "5f5fd09c58ba3ae942dd7cea2696f95587d2032c1829bba4bca81762b7ef73b6",
    "https://deno.land/x/grammy_types@v3.13.0/manage.ts": "40008907ea1f66ac47d86e1eb6a4827518719cae75ed40aaca5586d51627780a",
    "https://deno.land/x/grammy_types@v3.13.0/markup.ts": "7430abcea68d294df73a433f621a37cf1281718d3e29e903ed1e474038c7489d",
    "https://deno.land/x/grammy_types@v3.13.0/message.ts": "51581cfcf54ecc9d298d007252f4e97902f5c2c9585ae4bff58220d78fb829a3",
    "https://deno.land/x/grammy_types@v3.13.0/methods.ts": "60a9caac220f112ee0962860043ef11a3a399ff12dbd674502201008c66c11a6",
    "https://deno.land/x/grammy_types@v3.13.0/mod.ts": "7ecea1d3f7085d64419b78183039c78d70d655aeaa8b07f118ffbfb823f5b0b7",
    "https://deno.land/x/grammy_types@v3.13.0/passport.ts": "19820e7d6c279521f8bc8912d6a378239f73d4ab525453808994b5f44ef95215",
    "https://deno.land/x/grammy_types@v3.13.0/payment.ts": "7016ace0f8835f7d68aa391825e7480cdb3634129a075dd3d2912766e60441e6",
    "https://deno.land/x/grammy_types@v3.13.0/settings.ts": "f8ff810da6f1007ed24cd504809bf46820229c395ff9bfc3e5c8ceaef5b2aae1",
    "https://deno.land/x/grammy_types@v3.13.0/update.ts": "7033ebfbecf6fbbd2d68f7a3550c9b04e553228a2143104fc63c42dd7f8f6881",
    "https://deno.land/x/grammy_types@v3.18.0/api.ts": "ae04d6628e3d25ae805bc07a19475065044fc44cde0a40877405bc3544d03a5f",
    "https://deno.land/x/grammy_types@v3.18.0/inline.ts": "9afd0340eafd22acb163f2f680d58b85719f0edc92dffa4d259fc5232e543d23",
    "https://deno.land/x/grammy_types@v3.18.0/langs.ts": "5f5fd09c58ba3ae942dd7cea2696f95587d2032c1829bba4bca81762b7ef73b6",
    "https://deno.land/x/grammy_types@v3.18.0/manage.ts": "a4ed0c42e9e8157c26eae09ea58bc2f015b6b5322f6624db1c8deb55b5d3aed4",
    "https://deno.land/x/grammy_types@v3.18.0/markup.ts": "b989e0712f9731c59e6cb308371b1722d823dd55de3d6bcaf3e4ed645a42e1f9",
    "https://deno.land/x/grammy_types@v3.18.0/message.ts": "e42c62951a6e6e4eacc2207c5c9ebd20608df14a17a0cb7d9afdd75a7a7cb999",
    "https://deno.land/x/grammy_types@v3.18.0/methods.ts": "d1ad2a446cb40fe15c461e2d3e07bc072d10846ac3bc337401bf72f2667371ff",
    "https://deno.land/x/grammy_types@v3.18.0/mod.ts": "7ecea1d3f7085d64419b78183039c78d70d655aeaa8b07f118ffbfb823f5b0b7",
    "https://deno.land/x/grammy_types@v3.18.0/passport.ts": "19820e7d6c279521f8bc8912d6a378239f73d4ab525453808994b5f44ef95215",
    "https://deno.land/x/grammy_types@v3.18.0/payment.ts": "1ecf4f6d6bd89e8ac0c1731ca3ed593df64598156149b27372a0222dadbb593a",
    "https://deno.land/x/grammy_types@v3.18.0/settings.ts": "f8ff810da6f1007ed24cd504809bf46820229c395ff9bfc3e5c8ceaef5b2aae1",
    "https://deno.land/x/grammy_types@v3.18.0/update.ts": "71cc0d5ec860149b71415ba03282b1d7edd0466b36e2789521a3b3a3d7796493",
    "https://deno.land/x/grammy_types@v3.22.1/api.ts": "ae04d6628e3d25ae805bc07a19475065044fc44cde0a40877405bc3544d03a5f",
    "https://deno.land/x/grammy_types@v3.22.1/checklist.ts": "6b3138470069c4227dfff51bf7409b6b3cd25155a245f6f307d7a1dcc98d8881",
    "https://deno.land/x/grammy_types@v3.22.1/inline.ts": "9afd0340eafd22acb163f2f680d58b85719f0edc92dffa4d259fc5232e543d23",
    "https://deno.land/x/grammy_types@v3.22.1/langs.ts": "5f5fd09c58ba3ae942dd7cea2696f95587d2032c1829bba4bca81762b7ef73b6",
    "https://deno.land/x/grammy_types@v3.22.1/manage.ts": "2d96061a8f072afaa86733a866e528d9ed0f2addb0692898845c06d7953cbb68",
    "https://deno.land/x/grammy_types@v3.22.1/markup.ts": "dfe9e883cd09ee82d5f032e639ed69acdce8c42ba3f325528ab35b01d5063a1f",
    "https://deno.land/x/grammy_types@v3.22.1/message.ts": "408e4c123128b12fc9461bcee9365ebcd8a411d1b9158bcfd9495529843e1c97",
    "https://deno.land/x/grammy_types@v3.22.1/methods.ts": "fe9f0655de679ab9cf6dcd972623d396ca9b54d218c5819c446c4c7a159ee445",
    "https://deno.land/x/grammy_types@v3.22.1/mod.ts": "73efb15e1fb664c99ea32fa707a8cd3ed5ff4a1e21fba2fe1ddc78bb476ef84d",
    "https://deno.land/x/grammy_types@v3.22.1/passport.ts": "19820e7d6c279521f8bc8912d6a378239f73d4ab525453808994b5f44ef95215",
    "https://deno.land/x/grammy_types@v3.22.1/payment.ts": "2b83a59a24b7b02ae15fd57cb0ad41ba5b73fda20b725a098f79ac7268d4b351",
    "https://deno.land/x/grammy_types@v3.22.1/settings.ts": "5186837e55f53dfe16749b066237221867f7ebf6174084e69c35603acf413ed7",
    "https://deno.land/x/grammy_types@v3.22.1/story.ts": "f558c6e6054a43fa1403c2376f7c0b51e2138f4e0d13f0f6e870ffd1cd085ae2",
    "https://deno.land/x/grammy_types@v3.22.1/update.ts": "71cc0d5ec860149b71415ba03282b1d7edd0466b36e2789521a3b3a3d7796493",
    "https://esm.sh/@huggingface/inference@2.8.0": "364a6111c0989f5488a1761ad45b2229404e3acffa449ad1b569ab133dc0c733",
    "https://esm.sh/@huggingface/inference@3.5.1": "7fde081821edc8b4fde066f146f5479f599a84fd4f17b7a1cb5887d3105d82d3",
    "https://esm.sh/@huggingface/inference@3.5.1/denonext/inference.mjs": "96082a7eae9e8ecdd5db2323caac5c073e62d88b9e01d090c147c6673b615b57",
    "https://esm.sh/@huggingface/tasks@0.17.1/denonext/src/pipelines.mjs": "24e1b13addb47699f7e520fcc6e5535600367df03a4b88845ae5e476a016c8b9",
    "https://esm.sh/@huggingface/tasks@0.17.1/denonext/src/tasks/index.mjs": "ca10dcb9c47722c5382f6d9e332a5fe7fbc76d783aa4c1024a0003dca9faf029",
    "https://esm.sh/@huggingface/tasks@0.17.1/denonext/tasks.mjs": "b042fa141da2ce39afe98c4661e5a72f224d40d442b7c6e84a3020093da72e5b",
    "https://esm.sh/@huggingface/tasks@0.17.1/src/pipelines.js": "adc30b28efc7eecc40c54f8e66445ae4c02d104e23156693880b44b399d9d4e4",
    "https://esm.sh/@huggingface/tasks@0.17.1/src/tasks/index.js": "44f0773d56c26472b55312feda8b639a5cde34633f599b7d9b1987f822e30a59",
    "https://esm.sh/@huggingface/tasks@0.17.1?target=denonext": "a4a24300e513689e7d402d84bb57972b4bdc13bec8b071f64adc571a4980ea0f",
    "https://esm.sh/v135/@huggingface/inference@2.8.0/denonext/inference.mjs": "b5984450280febd4d809562892fa7130d730e91aa05304d13075badd1102167e"
  },
  "workspace": {
    "dependencies": [
      "jsr:@std/assert@^1.0.14",
      "npm:@azure-rest/ai-inference@1.0.0-beta.1",
      "npm:@azure/core-auth@1.7.2",
      "npm:@google/genai@0.10",
      "npm:@huggingface/inference@^4.8.0",
      "npm:groq-sdk@0.15.0",
      "npm:telegramify-markdown@^1.3.0"
    ]
  }
}
